schema: '2.0'
stages:
  build_dataset:
    cmd: python ./Convert_To_Procedures/convert_to_procedures.py
    deps:
    - path: ./sql/00_REF.sql
      md5: f4e4f0fe87a42a6f2a081fd84ebf9750
      size: 4768
  prepare_dataset:
    cmd: python ./src/API_DATA_GENERATION.py
    params:
      params.yaml:
        prepare.MODEL_TYPE: API
        prepare.TEST_SET_LENGTH: 2
    outs:
    - path: ./data/API_dataset.pkl
      md5: cdbf5ea3ef913bc87d34d533726606b7
      size: 9011773
